
Microsoft Visual Studio Solution File, Format Version 12.00
# Visual Studio 15
VisualStudioVersion = 15.0.27703.2042
MinimumVisualStudioVersion = 10.0.40219.1
Project("{FAE04EC0-301F-11D3-BF4B-00C04F79EFBC}") = "librarysystem", "librarysystem.csproj", "{701095B2-2E5A-46F8-AAD8-ABA418753757}"
EndProject
Global
	GlobalSection(SolutionConfigurationPlatforms) = preSolution
		Debug|Any CPU = Debug|Any CPU
		Release|Any CPU = Release|Any CPU
	EndGlobalSection
	GlobalSection(ProjectConfigurationPlatforms) = postSolution
		{701095B2-2E5A-46F8-AAD8-ABA418753757}.Debug|Any CPU.ActiveCfg = Debug|Any CPU
		{701095B2-2E5A-46F8-AAD8-ABA418753757}.Debug|Any CPU.Build.0 = Debug|Any CPU
		{701095B2-2E5A-46F8-AAD8-ABA418753757}.Release|Any CPU.ActiveCfg = Release|Any CPU
		{701095B2-2E5A-46F8-AAD8-ABA418753757}.Release|Any CPU.Build.0 = Release|Any CPU
	EndGlobalSection
	GlobalSection(SolutionProperties) = preSolution
		HideSolutionNode = FALSE
	EndGlobalSection
	GlobalSection(ExtensibilityGlobals) = postSolution
		SolutionGuid = {AFFB06BB-3255-4694-BDFE-5EAA85403C24}
	EndGlobalSection
EndGlobal
